// !$*UTF8*$!
{
	archiveVersion = 1;
	classes = {
	};
	objectVersion = 46;
	objects = {

/* Begin PBXBuildFile section */
		527F8FAF1EB6841800EE6569 /* main.m in Sources */ = {isa = PBXBuildFile; fileRef = 527F8FAE1EB6841800EE6569 /* main.m */; };
		527F8FB21EB6841800EE6569 /* AppDelegate.m in Sources */ = {isa = PBXBuildFile; fileRef = 527F8FB11EB6841800EE6569 /* AppDelegate.m */; };
		527F8FB51EB6841800EE6569 /* ViewController.m in Sources */ = {isa = PBXBuildFile; fileRef = 527F8FB41EB6841800EE6569 /* ViewController.m */; };
		527F8FB81EB6841800EE6569 /* Main.storyboard in Resources */ = {isa = PBXBuildFile; fileRef = 527F8FB61EB6841800EE6569 /* Main.storyboard */; };
		527F8FBA1EB6841800EE6569 /* Assets.xcassets in Resources */ = {isa = PBXBuildFile; fileRef = 527F8FB91EB6841800EE6569 /* Assets.xcassets */; };
		527F8FBD1EB6841800EE6569 /* LaunchScreen.storyboard in Resources */ = {isa = PBXBuildFile; fileRef = 527F8FBB1EB6841800EE6569 /* LaunchScreen.storyboard */; };
/* End PBXBuildFile section */

/* Begin PBXFileReference section */
		527F8FAA1EB6841800EE6569 /* swiftObjInteropability.app */ = {isa = PBXFileReference; explicitFileType = wrapper.application; includeInIndex = 0; path = swiftObjInteropability.app; sourceTree = BUILT_PRODUCTS_DIR; };
		527F8FAE1EB6841800EE6569 /* main.m */ = {isa = PBXFileReference; lastKnownFileType = sourcecode.c.objc; path = main.m; sourceTree = "<group>"; };
		527F8FB01EB6841800EE6569 /* AppDelegate.h */ = {isa = PBXFileReference; lastKnownFileType = sourcecode.c.h; path = AppDelegate.h; sourceTree = "<group>"; };
		527F8FB11EB6841800EE6569 /* AppDelegate.m */ = {isa = PBXFileReference; lastKnownFileType = sourcecode.c.objc; path = AppDelegate.m; sourceTree = "<group>"; };
		527F8FB31EB6841800EE6569 /* ViewController.h */ = {isa = PBXFileReference; lastKnownFileType = sourcecode.c.h; path = ViewController.h; sourceTree = "<group>"; };
		527F8FB41EB6841800EE6569 /* ViewController.m */ = {isa = PBXFileReference; lastKnownFileType = sourcecode.c.objc; path = ViewController.m; sourceTree = "<group>"; };
		527F8FB71EB6841800EE6569 /* Base */ = {isa = PBXFileReference; lastKnownFileType = file.storyboard; name = Base; path = Base.lproj/Main.storyboard; sourceTree = "<group>"; };
		527F8FB91EB6841800EE6569 /* Assets.xcassets */ = {isa = PBXFileReference; lastKnownFileType = folder.assetcatalog; path = Assets.xcassets; sourceTree = "<group>"; };
		527F8FBC1EB6841800EE6569 /* Base */ = {isa = PBXFileReference; lastKnownFileType = file.storyboard; name = Base; path = Base.lproj/LaunchScreen.storyboard; sourceTree = "<group>"; };
		527F8FBE1EB6841800EE6569 /* Info.plist */ = {isa = PBXFileReference; lastKnownFileType = text.plist.xml; path = Info.plist; sourceTree = "<group>"; };
/* End PBXFileReference section */

/* Begin PBXFrameworksBuildPhase section */
		527F8FA71EB6841800EE6569 /* Frameworks */ = {
			isa = PBXFrameworksBuildPhase;
			buildActionMask = 2147483647;
			files = (
			);
			runOnlyForDeploymentPostprocessing = 0;
		};
/* End PBXFrameworksBuildPhase section */

/* Begin PBXGroup section */
		527F8FA11EB6841800EE6569 = {
			isa = PBXGroup;
			children = (
				527F8FAC1EB6841800EE6569 /* swiftObjInteropability */,
				527F8FAB1EB6841800EE6569 /* Products */,
			);
			sourceTree = "<group>";
		};
		527F8FAB1EB6841800EE6569 /* Products */ = {
			isa = PBXGroup;
			children = (
				527F8FAA1EB6841800EE6569 /* swiftObjInteropability.app */,
			);
			name = Products;
			sourceTree = "<group>";
		};
		527F8FAC1EB6841800EE6569 /* swiftObjInteropability */ = {
			isa = PBXGroup;
			children = (
				527F8FB01EB6841800EE6569 /* AppDelegate.h */,
				527F8FB11EB6841800EE6569 /* AppDelegate.m */,
				527F8FB31EB6841800EE6569 /* ViewController.h */,
				527F8FB41EB6841800EE6569 /* ViewController.m */,
				527F8FB61EB6841800EE6569 /* Main.storyboard */,
				527F8FB91EB6841800EE6569 /* Assets.xcassets */,
				527F8FBB1EB6841800EE6569 /* LaunchScreen.storyboard */,
				527F8FBE1EB6841800EE6569 /* Info.plist */,
				527F8FAD1EB6841800EE6569 /* Supporting Files */,
			);
			path = swiftObjInteropability;
			sourceTree = "<group>";
		};
		527F8FAD1EB6841800EE6569 /* Supporting Files */ = {
			isa = PBXGroup;
			children = (
				527F8FAE1EB6841800EE6569 /* main.m */,
			);
			name = "Supporting Files";
			sourceTree = "<group>";
		};
/* End PBXGroup section */

/* Begin PBXNativeTarget section */
		527F8FA91EB6841800EE6569 /* swiftObjInteropability */ = {
			isa = PBXNativeTarget;
			buildConfigurationList = 527F8FC11EB6841800EE6569 /* Build configuration list for PBXNativeTarget "swiftObjInteropability" */;
			buildPhases = (
				527F8FA61EB6841800EE6569 /* Sources */,
				527F8FA71EB6841800EE6569 /* Frameworks */,
				527F8FA81EB6841800EE6569 /* Resources */,
			);
			buildRules = (
			);
			dependencies = (
			);
			name = swiftObjInteropability;
			productName = swiftObjInteropability;
			productReference = 527F8FAA1EB6841800EE6569 /* swiftObjInteropability.app */;
			productType = "com.apple.product-type.application";
		};
/* End PBXNativeTarget section */

/* Begin PBXProject section */
		527F8FA21EB6841800EE6569 /* Project object */ = {
			isa = PBXProject;
			attributes = {
				LastUpgradeCheck = 0830;
				ORGANIZATIONNAME = "Junior Samaroo";
				TargetAttributes = {
					527F8FA91EB6841800EE6569 = {
						CreatedOnToolsVersion = 8.3.2;
						DevelopmentTeam = 8U7BK3695T;
						ProvisioningStyle = Automatic;
					};
				};
			};
			buildConfigurationList = 527F8FA51EB6841800EE6569 /* Build configuration list for PBXProject "swiftObjInteropability" */;
			compatibilityVersion = "Xcode 3.2";
			developmentRegion = English;
			hasScannedForEncodings = 0;
			knownRegions = (
				en,
				Base,
			);
			mainGroup = 527F8FA11EB6841800EE6569;
			productRefGroup = 527F8FAB1EB6841800EE6569 /* Products */;
			projectDirPath = "";
			projectRoot = "";
			targets = (
				527F8FA91EB6841800EE6569 /* swiftObjInteropability */,
			);
		};
/* End PBXProject section */

/* Begin PBXResourcesBuildPhase section */
		527F8FA81EB6841800EE6569 /* Resources */ = {
			isa = PBXResourcesBuildPhase;
			buildActionMask = 2147483647;
			files = (
				527F8FBD1EB6841800EE6569 /* LaunchScreen.storyboard in Resources */,
				527F8FBA1EB6841800EE6569 /* Assets.xcassets in Resources */,
				527F8FB81EB6841800EE6569 /* Main.storyboard in Resources */,
			);
			runOnlyForDeploymentPostprocessing = 0;
		};
/* End PBXResourcesBuildPhase section */

/* Begin PBXSourcesBuildPhase section */
		527F8FA61EB6841800EE6569 /* Sources */ = {
			isa = PBXSourcesBuildPhase;
			buildActionMask = 2147483647;
			files = (
				527F8FB51EB6841800EE6569 /* ViewController.m in Sources */,
				527F8FB21EB6841800EE6569 /* AppDelegate.m in Sources */,
				527F8FAF1EB6841800EE6569 /* main.m in Sources */,
			);
			runOnlyForDeploymentPostprocessing = 0;
		};
/* End PBXSourcesBuildPhase section */

/* Begin PBXVariantGroup section */
		527F8FB61EB6841800EE6569 /* Main.storyboard */ = {
			isa = PBXVariantGroup;
			children = (
				527F8FB71EB6841800EE6569 /* Base */,
			);
			name = Main.storyboard;
			sourceTree = "<group>";
		};
		527F8FBB1EB6841800EE6569 /* LaunchScreen.storyboard */ = {
			isa = PBXVariantGroup;
			children = (
				527F8FBC1EB6841800EE6569 /* Base */,
			);
			name = LaunchScreen.storyboard;
			sourceTree = "<group>";
		};
/* End PBXVariantGroup section */

/* Begin XCBuildConfiguration section */
		527F8FBF1EB6841800EE6569 /* Debug */ = {
			isa = XCBuildConfiguration;
			buildSettings = {
				ALWAYS_SEARCH_USER_PATHS = NO;
				CLANG_ANALYZER_NONNULL = YES;
				CLANG_ANALYZER_NUMBER_OBJECT_CONVERSION = YES_AGGRESSIVE;
				CLANG_CXX_LANGUAGE_STANDARD = "gnu++0x";
				CLANG_CXX_LIBRARY = "libc++";
				CLANG_ENABLE_MODULES = YES;
				CLANG_ENABLE_OBJC_ARC = YES;
				CLANG_WARN_BOOL_CONVERSION = YES;
				CLANG_WARN_CONSTANT_CONVERSION = YES;
				CLANG_WARN_DIRECT_OBJC_ISA_USAGE = YES_ERROR;
				CLANG_WARN_DOCUMENTATION_COMMENTS = YES;
				CLANG_WARN_EMPTY_BODY = YES;
				CLANG_WARN_ENUM_CONVERSION = YES;
				CLANG_WARN_INFINITE_RECURSION = YES;
				CLANG_WARN_INT_CONVERSION = YES;
				CLANG_WARN_OBJC_ROOT_CLASS = YES_ERROR;
				CLANG_WARN_SUSPICIOUS_MOVE = YES;
				CLANG_WARN_UNREACHABLE_CODE = YES;
				CLANG_WARN__DUPLICATE_METHOD_MATCH = YES;
				"CODE_SIGN_IDENTITY[sdk=iphoneos*]" = "iPhone Developer";
				COPY_PHASE_STRIP = NO;
				DEBUG_INFORMATION_FORMAT = dwarf;
				ENABLE_STRICT_OBJC_MSGSEND = YES;
				ENABLE_TESTABILITY = YES;
				GCC_C_LANGUAGE_STANDARD = gnu99;
				GCC_DYNAMIC_NO_PIC = NO;
				GCC_NO_COMMON_BLOCKS = YES;
				GCC_OPTIMIZATION_LEVEL = 0;
				GCC_PREPROCESSOR_DEFINITIONS = (
					"DEBUG=1",
					"$(inherited)",
				);
				GCC_WARN_64_TO_32_BIT_CONVERSION = YES;
				GCC_WARN_ABOUT_RETURN_TYPE = YES_ERROR;
				GCC_WARN_UNDECLARED_SELECTOR = YES;
				GCC_WARN_UNINITIALIZED_AUTOS = YES_AGGRESSIVE;
				GCC_WARN_UNUSED_FUNCTION = YES;
				GCC_WARN_UNUSED_VARIABLE = YES;
				IPHONEOS_DEPLOYMENT_TARGET = 10.3;
				MTL_ENABLE_DEBUG_INFO = YES;
				ONLY_ACTIVE_ARCH = YES;
				SDKROOT = iphoneos;
				TARGETED_DEVICE_FAMILY = "1,2";
			};
			name = Debug;
		};
		527F8FC01EB6841800EE6569 /* Release */ = {
			isa = XCBuildConfiguration;
			buildSettings = {
				ALWAYS_SEARCH_USER_PATHS = NO;
				CLANG_ANALYZER_NONNULL = YES;
				CLANG_ANALYZER_NUMBER_OBJECT_CONVERSION = YES_AGGRESSIVE;
				CLANG_CXX_LANGUAGE_STANDARD = "gnu++0x";
				CLANG_CXX_LIBRARY = "libc++";
				CLANG_ENABLE_MODULES = YES;
				CLANG_ENABLE_OBJC_ARC = YES;
				CLANG_WARN_BOOL_CONVERSION = YES;
				CLANG_WARN_CONSTANT_CONVERSION = YES;
				CLANG_WARN_DIRECT_OBJC_ISA_USAGE = YES_ERROR;
				CLANG_WARN_DOCUMENTATION_COMMENTS = YES;
				CLANG_WARN_EMPTY_BODY = YES;
				CLANG_WARN_ENUM_CONVERSION = YES;
				CLANG_WARN_INFINITE_RECURSION = YES;
				CLANG_WARN_INT_CONVERSION = YES;
				CLANG_WARN_OBJC_ROOT_CLASS = YES_ERROR;
				CLANG_WARN_SUSPICIOUS_MOVE = YES;
				CLANG_WARN_UNREACHABLE_CODE = YES;
				CLANG_WARN__DUPLICATE_METHOD_MATCH = YES;
				"CODE_SIGN_IDENTITY[sdk=iphoneos*]" = "iPhone Developer";
				COPY_PHASE_STRIP = NO;
				DEBUG_INFORMATION_FORMAT = "dwarf-with-dsym";
				ENABLE_NS_ASSERTIONS = NO;
				ENABLE_STRICT_OBJC_MSGSEND = YES;
				GCC_C_LANGUAGE_STANDARD = gnu99;
				GCC_NO_COMMON_BLOCKS = YES;
				GCC_WARN_64_TO_32_BIT_CONVERSION = YES;
				GCC_WARN_ABOUT_RETURN_TYPE = YES_ERROR;
				GCC_WARN_UNDECLARED_SELECTOR = YES;
				GCC_WARN_UNINITIALIZED_AUTOS = YES_AGGRESSIVE;
				GCC_WARN_UNUSED_FUNCTION = YES;
				GCC_WARN_UNUSED_VARIABLE = YES;
				IPHONEOS_DEPLOYMENT_TARGET = 10.3;
				MTL_ENABLE_DEBUG_INFO = NO;
				SDKROOT = iphoneos;
				TARGETED_DEVICE_FAMILY = "1,2";
				VALIDATE_PRODUCT = YES;
			};
			name = Release;
		};
		527F8FC21EB6841800EE6569 /* Debug */ = {
			isa = XCBuildConfiguration;
			buildSettings = {
				ASSETCATALOG_COMPILER_APPICON_NAME = AppIcon;
				DEVELOPMENT_TEAM = 8U7BK3695T;
				INFOPLIST_FILE = swiftObjInteropability/Info.plist;
				LD_RUNPATH_SEARCH_PATHS = "$(inherited) @executable_path/Frameworks";
				PRODUCT_BUNDLE_IDENTIFIER = com.juniorsamaroo.swiftObjInteropability;
				PRODUCT_NAME = "$(TARGET_NAME)";
			};
			name = Debug;
		};
		527F8FC31EB6841800EE6569 /* Release */ = {
			isa = XCBuildConfiguration;
			buildSettings = {
				ASSETCATALOG_COMPILER_APPICON_NAME = AppIcon;
				DEVELOPMENT_TEAM = 8U7BK3695T;
				INFOPLIST_FILE = swiftObjInteropability/Info.plist;
				LD_RUNPATH_SEARCH_PATHS = "$(inherited) @executable_path/Frameworks";
				PRODUCT_BUNDLE_IDENTIFIER = com.juniorsamaroo.swiftObjInteropability;
				PRODUCT_NAME = "$(TARGET_NAME)";
			};
			name = Release;
		};
/* End XCBuildConfiguration section */

/* Begin XCConfigurationList section */
		527F8FA51EB6841800EE6569 /* Build configuration list for PBXProject "swiftObjInteropability" */ = {
			isa = XCConfigurationList;
			buildConfigurations = (
				527F8FBF1EB6841800EE6569 /* Debug */,
				527F8FC01EB6841800EE6569 /* Release */,
			);
			defaultConfigurationIsVisible = 0;
			defaultConfigurationName = Release;
		};
		527F8FC11EB6841800EE6569 /* Build configuration list for PBXNativeTarget "swiftObjInteropability" */ = {
			isa = XCConfigurationList;
			buildConfigurations = (
				527F8FC21EB6841800EE6569 /* Debug */,
				527F8FC31EB6841800EE6569 /* Release */,
			);
			defaultConfigurationIsVisible = 0;
		};
/* End XCConfigurationList section */
	};
	rootObject = 527F8FA21EB6841800EE6569 /* Project object */;
}
